
Microsoft Visual Studio Solution File, Format Version 12.00
Project("{FAE04EC0-301F-11D3-BF4B-00C04F79EFBC}") = "RealtimeChat", "RealtimeChat\RealtimeChat.csproj", "{C9C38E01-EF59-49F2-A9C1-2EBD245F5494}"
EndProject
Project("{FAE04EC0-301F-11D3-BF4B-00C04F79EFBC}") = "Entities", "Entities\Entities.csproj", "{F4B50CF5-015B-457E-931D-4C6BCFDDDCC7}"
EndProject
Global
	GlobalSection(SolutionConfigurationPlatforms) = preSolution
		Debug|Any CPU = Debug|Any CPU
		Release|Any CPU = Release|Any CPU
	EndGlobalSection
	GlobalSection(ProjectConfigurationPlatforms) = postSolution
		{C9C38E01-EF59-49F2-A9C1-2EBD245F5494}.Debug|Any CPU.ActiveCfg = Debug|Any CPU
		{C9C38E01-EF59-49F2-A9C1-2EBD245F5494}.Debug|Any CPU.Build.0 = Debug|Any CPU
		{C9C38E01-EF59-49F2-A9C1-2EBD245F5494}.Release|Any CPU.ActiveCfg = Release|Any CPU
		{C9C38E01-EF59-49F2-A9C1-2EBD245F5494}.Release|Any CPU.Build.0 = Release|Any CPU
		{F4B50CF5-015B-457E-931D-4C6BCFDDDCC7}.Debug|Any CPU.ActiveCfg = Debug|Any CPU
		{F4B50CF5-015B-457E-931D-4C6BCFDDDCC7}.Debug|Any CPU.Build.0 = Debug|Any CPU
		{F4B50CF5-015B-457E-931D-4C6BCFDDDCC7}.Release|Any CPU.ActiveCfg = Release|Any CPU
		{F4B50CF5-015B-457E-931D-4C6BCFDDDCC7}.Release|Any CPU.Build.0 = Release|Any CPU
	EndGlobalSection
EndGlobal
